
Microsoft Visual Studio Solution File, Format Version 12.00
# Visual Studio 2013
VisualStudioVersion = 12.0.21005.1
MinimumVisualStudioVersion = 10.0.40219.1
Project("{FAE04EC0-301F-11D3-BF4B-00C04F79EFBC}") = "Mayank_Sample", "Mayank_Sample\Mayank_Sample.csproj", "{D12F9E98-DB53-4B3D-9A42-99E3DD165789}"
EndProject
Project("{FAE04EC0-301F-11D3-BF4B-00C04F79EFBC}") = "Mayank_Sample.Tests", "Mayank_Sample.Tests\Mayank_Sample.Tests.csproj", "{B143FBA3-1E46-40ED-B0DF-B33440EF8843}"
EndProject
Global
	GlobalSection(SolutionConfigurationPlatforms) = preSolution
		Debug|Any CPU = Debug|Any CPU
		Release|Any CPU = Release|Any CPU
	EndGlobalSection
	GlobalSection(ProjectConfigurationPlatforms) = postSolution
		{D12F9E98-DB53-4B3D-9A42-99E3DD165789}.Debug|Any CPU.ActiveCfg = Debug|Any CPU
		{D12F9E98-DB53-4B3D-9A42-99E3DD165789}.Debug|Any CPU.Build.0 = Debug|Any CPU
		{D12F9E98-DB53-4B3D-9A42-99E3DD165789}.Release|Any CPU.ActiveCfg = Release|Any CPU
		{D12F9E98-DB53-4B3D-9A42-99E3DD165789}.Release|Any CPU.Build.0 = Release|Any CPU
		{B143FBA3-1E46-40ED-B0DF-B33440EF8843}.Debug|Any CPU.ActiveCfg = Debug|Any CPU
		{B143FBA3-1E46-40ED-B0DF-B33440EF8843}.Debug|Any CPU.Build.0 = Debug|Any CPU
		{B143FBA3-1E46-40ED-B0DF-B33440EF8843}.Release|Any CPU.ActiveCfg = Release|Any CPU
		{B143FBA3-1E46-40ED-B0DF-B33440EF8843}.Release|Any CPU.Build.0 = Release|Any CPU
	EndGlobalSection
	GlobalSection(SolutionProperties) = preSolution
		HideSolutionNode = FALSE
	EndGlobalSection
EndGlobal
